
Microsoft Visual Studio Solution File, Format Version 12.00
# Visual Studio 15
VisualStudioVersion = 15.0.27004.2010
MinimumVisualStudioVersion = 10.0.40219.1
Project("{FAE04EC0-301F-11D3-BF4B-00C04F79EFBC}") = "Aerococina2018", "Aerococina2018\Aerococina2018.csproj", "{C5B08BB8-79FF-4745-95BC-0DD0378E5CA0}"
EndProject
Project("{FAE04EC0-301F-11D3-BF4B-00C04F79EFBC}") = "Aerococina2018.BE", "Aerococina2018.BE\Aerococina2018.BE.csproj", "{F15D2997-BFB3-4E8E-B214-ECC42864BE39}"
EndProject
Project("{FAE04EC0-301F-11D3-BF4B-00C04F79EFBC}") = "Aerococina2018.Library", "Aerococina2018.Library\Aerococina2018.Library.csproj", "{C69F0D5E-F1B9-437B-9A02-47447CBBA365}"
EndProject
Global
	GlobalSection(SolutionConfigurationPlatforms) = preSolution
		Debug|Any CPU = Debug|Any CPU
		Release|Any CPU = Release|Any CPU
	EndGlobalSection
	GlobalSection(ProjectConfigurationPlatforms) = postSolution
		{C5B08BB8-79FF-4745-95BC-0DD0378E5CA0}.Debug|Any CPU.ActiveCfg = Debug|Any CPU
		{C5B08BB8-79FF-4745-95BC-0DD0378E5CA0}.Debug|Any CPU.Build.0 = Debug|Any CPU
		{C5B08BB8-79FF-4745-95BC-0DD0378E5CA0}.Release|Any CPU.ActiveCfg = Release|Any CPU
		{C5B08BB8-79FF-4745-95BC-0DD0378E5CA0}.Release|Any CPU.Build.0 = Release|Any CPU
		{F15D2997-BFB3-4E8E-B214-ECC42864BE39}.Debug|Any CPU.ActiveCfg = Debug|Any CPU
		{F15D2997-BFB3-4E8E-B214-ECC42864BE39}.Debug|Any CPU.Build.0 = Debug|Any CPU
		{F15D2997-BFB3-4E8E-B214-ECC42864BE39}.Release|Any CPU.ActiveCfg = Release|Any CPU
		{F15D2997-BFB3-4E8E-B214-ECC42864BE39}.Release|Any CPU.Build.0 = Release|Any CPU
		{C69F0D5E-F1B9-437B-9A02-47447CBBA365}.Debug|Any CPU.ActiveCfg = Debug|Any CPU
		{C69F0D5E-F1B9-437B-9A02-47447CBBA365}.Debug|Any CPU.Build.0 = Debug|Any CPU
		{C69F0D5E-F1B9-437B-9A02-47447CBBA365}.Release|Any CPU.ActiveCfg = Release|Any CPU
		{C69F0D5E-F1B9-437B-9A02-47447CBBA365}.Release|Any CPU.Build.0 = Release|Any CPU
	EndGlobalSection
	GlobalSection(SolutionProperties) = preSolution
		HideSolutionNode = FALSE
	EndGlobalSection
	GlobalSection(ExtensibilityGlobals) = postSolution
		SolutionGuid = {1F178937-68C8-4844-92DC-261DD37EE6C8}
	EndGlobalSection
EndGlobal
